Microsoft Visual Studio Solution File, Format Version 8.00
Project("{8BC9CEB8-8B4A-11D0-8D11-00A0C91BC942}") = "neon", "..\Subversion\build\win32\neon.vcproj", "{4D9E5CEA-CA4E-4A3E-96E8-08618771F1FB}"
	ProjectSection(ProjectDependencies) = postProject
		{76A4FC34-4150-4B77-A94A-5D9659B04C2D} = {76A4FC34-4150-4B77-A94A-5D9659B04C2D}
		{66961BB7-B8CE-45BF-A615-6396BA162FA7} = {66961BB7-B8CE-45BF-A615-6396BA162FA7}
		{2CFDCCBC-B6F4-4064-B6C8-32DD8D21AB6E} = {2CFDCCBC-B6F4-4064-B6C8-32DD8D21AB6E}
	EndProjectSection
EndProject
Project("{8BC9CEB8-8B4A-11D0-8D11-00A0C91BC942}") = "__CONFIG__", "..\Subversion\build\win32\svn_config.vcproj", "{66961BB7-B8CE-45BF-A615-6396BA162FA7}"
	ProjectSection(ProjectDependencies) = postProject
	EndProjectSection
EndProject
Project("{8BC9CEB8-8B4A-11D0-8D11-00A0C91BC942}") = "locale", "..\Subversion\build\win32\svn_locale.vcproj", "{E4193B4C-086F-4F1F-B9BB-67DD8CF952EF}"
	ProjectSection(ProjectDependencies) = postProject
	EndProjectSection
EndProject
Project("{8BC9CEB8-8B4A-11D0-8D11-00A0C91BC942}") = "zlib", "..\Subversion\build\win32\zlib.vcproj", "{2CFDCCBC-B6F4-4064-B6C8-32DD8D21AB6E}"
	ProjectSection(ProjectDependencies) = postProject
		{66961BB7-B8CE-45BF-A615-6396BA162FA7} = {66961BB7-B8CE-45BF-A615-6396BA162FA7}
	EndProjectSection
EndProject
Project("{8BC9CEB8-8B4A-11D0-8D11-00A0C91BC942}") = "libapr_fake", "..\Subversion\build\win32\vcnet-vcproj\libapr_fake_vcnet.vcproj", "{3B37D1FE-4488-440B-85B6-993CE884B154}"
	ProjectSection(ProjectDependencies) = postProject
		{9281F323-469C-4598-B4F4-64841D45C0AA} = {9281F323-469C-4598-B4F4-64841D45C0AA}
	EndProjectSection
EndProject
Project("{8BC9CEB8-8B4A-11D0-8D11-00A0C91BC942}") = "libaprutil_fake", "..\Subversion\build\win32\vcnet-vcproj\libaprutil_fake_vcnet.vcproj", "{F7C10941-C9F7-406E-BD89-EB4A48ABE47F}"
	ProjectSection(ProjectDependencies) = postProject
		{6699151F-755A-46B2-8806-3B2C008B88F3} = {6699151F-755A-46B2-8806-3B2C008B88F3}
	EndProjectSection
EndProject
Project("{8BC9CEB8-8B4A-11D0-8D11-00A0C91BC942}") = "libsvn_client", "..\Subversion\build\win32\vcnet-vcproj\libsvn_client_vcnet.vcproj", "{9F4472AD-5DC3-45ED-AE8C-95761DCE5D5D}"
	ProjectSection(ProjectDependencies) = postProject
		{F7C10941-C9F7-406E-BD89-EB4A48ABE47F} = {F7C10941-C9F7-406E-BD89-EB4A48ABE47F}
		{66961BB7-B8CE-45BF-A615-6396BA162FA7} = {66961BB7-B8CE-45BF-A615-6396BA162FA7}
		{3B37D1FE-4488-440B-85B6-993CE884B154} = {3B37D1FE-4488-440B-85B6-993CE884B154}
	EndProjectSection
EndProject
Project("{8BC9CEB8-8B4A-11D0-8D11-00A0C91BC942}") = "libsvn_delta", "..\Subversion\build\win32\vcnet-vcproj\libsvn_delta_vcnet.vcproj", "{A5DF5EA6-05BD-4EE4-B134-CE6016C1C020}"
	ProjectSection(ProjectDependencies) = postProject
		{F7C10941-C9F7-406E-BD89-EB4A48ABE47F} = {F7C10941-C9F7-406E-BD89-EB4A48ABE47F}
		{66961BB7-B8CE-45BF-A615-6396BA162FA7} = {66961BB7-B8CE-45BF-A615-6396BA162FA7}
		{3B37D1FE-4488-440B-85B6-993CE884B154} = {3B37D1FE-4488-440B-85B6-993CE884B154}
	EndProjectSection
EndProject
Project("{8BC9CEB8-8B4A-11D0-8D11-00A0C91BC942}") = "libsvn_diff", "..\Subversion\build\win32\vcnet-vcproj\libsvn_diff_vcnet.vcproj", "{FFABB1E9-8878-4EA1-817E-582EF2E6765E}"
	ProjectSection(ProjectDependencies) = postProject
		{F7C10941-C9F7-406E-BD89-EB4A48ABE47F} = {F7C10941-C9F7-406E-BD89-EB4A48ABE47F}
		{66961BB7-B8CE-45BF-A615-6396BA162FA7} = {66961BB7-B8CE-45BF-A615-6396BA162FA7}
		{3B37D1FE-4488-440B-85B6-993CE884B154} = {3B37D1FE-4488-440B-85B6-993CE884B154}
	EndProjectSection
EndProject
Project("{8BC9CEB8-8B4A-11D0-8D11-00A0C91BC942}") = "libsvn_fs_base", "..\Subversion\build\win32\vcnet-vcproj\libsvn_fs_base_vcnet.vcproj", "{81A4736A-0ADE-4640-9634-B4279D7EED85}"
	ProjectSection(ProjectDependencies) = postProject
		{F7C10941-C9F7-406E-BD89-EB4A48ABE47F} = {F7C10941-C9F7-406E-BD89-EB4A48ABE47F}
		{66961BB7-B8CE-45BF-A615-6396BA162FA7} = {66961BB7-B8CE-45BF-A615-6396BA162FA7}
		{3B37D1FE-4488-440B-85B6-993CE884B154} = {3B37D1FE-4488-440B-85B6-993CE884B154}
	EndProjectSection
EndProject
Project("{8BC9CEB8-8B4A-11D0-8D11-00A0C91BC942}") = "libsvn_fs_fs", "..\Subversion\build\win32\vcnet-vcproj\libsvn_fs_fs_vcnet.vcproj", "{175118B0-A945-4FD0-B7F4-E89524096FD9}"
	ProjectSection(ProjectDependencies) = postProject
		{F7C10941-C9F7-406E-BD89-EB4A48ABE47F} = {F7C10941-C9F7-406E-BD89-EB4A48ABE47F}
		{66961BB7-B8CE-45BF-A615-6396BA162FA7} = {66961BB7-B8CE-45BF-A615-6396BA162FA7}
		{3B37D1FE-4488-440B-85B6-993CE884B154} = {3B37D1FE-4488-440B-85B6-993CE884B154}
	EndProjectSection
EndProject
Project("{8BC9CEB8-8B4A-11D0-8D11-00A0C91BC942}") = "libsvn_fs", "..\Subversion\build\win32\vcnet-vcproj\libsvn_fs_vcnet.vcproj", "{B87FD60A-157C-4033-AF1C-537B76053302}"
	ProjectSection(ProjectDependencies) = postProject
		{F7C10941-C9F7-406E-BD89-EB4A48ABE47F} = {F7C10941-C9F7-406E-BD89-EB4A48ABE47F}
		{66961BB7-B8CE-45BF-A615-6396BA162FA7} = {66961BB7-B8CE-45BF-A615-6396BA162FA7}
		{3B37D1FE-4488-440B-85B6-993CE884B154} = {3B37D1FE-4488-440B-85B6-993CE884B154}
	EndProjectSection
EndProject
Project("{8BC9CEB8-8B4A-11D0-8D11-00A0C91BC942}") = "libsvn_ra_dav", "..\Subversion\build\win32\vcnet-vcproj\libsvn_ra_dav_vcnet.vcproj", "{9195B2F6-C90B-4134-8E33-36F5CF9797FF}"
	ProjectSection(ProjectDependencies) = postProject
		{F7C10941-C9F7-406E-BD89-EB4A48ABE47F} = {F7C10941-C9F7-406E-BD89-EB4A48ABE47F}
		{66961BB7-B8CE-45BF-A615-6396BA162FA7} = {66961BB7-B8CE-45BF-A615-6396BA162FA7}
		{3B37D1FE-4488-440B-85B6-993CE884B154} = {3B37D1FE-4488-440B-85B6-993CE884B154}
	EndProjectSection
EndProject
Project("{8BC9CEB8-8B4A-11D0-8D11-00A0C91BC942}") = "libsvn_ra_local", "..\Subversion\build\win32\vcnet-vcproj\libsvn_ra_local_vcnet.vcproj", "{BC9DF63A-706D-43B1-8BAF-DF7954D69351}"
	ProjectSection(ProjectDependencies) = postProject
		{F7C10941-C9F7-406E-BD89-EB4A48ABE47F} = {F7C10941-C9F7-406E-BD89-EB4A48ABE47F}
		{66961BB7-B8CE-45BF-A615-6396BA162FA7} = {66961BB7-B8CE-45BF-A615-6396BA162FA7}
		{3B37D1FE-4488-440B-85B6-993CE884B154} = {3B37D1FE-4488-440B-85B6-993CE884B154}
	EndProjectSection
EndProject
Project("{8BC9CEB8-8B4A-11D0-8D11-00A0C91BC942}") = "libsvn_ra_svn", "..\Subversion\build\win32\vcnet-vcproj\libsvn_ra_svn_vcnet.vcproj", "{204D839F-F605-49E3-A91C-5AEB4743DAB3}"
	ProjectSection(ProjectDependencies) = postProject
		{F7C10941-C9F7-406E-BD89-EB4A48ABE47F} = {F7C10941-C9F7-406E-BD89-EB4A48ABE47F}
		{66961BB7-B8CE-45BF-A615-6396BA162FA7} = {66961BB7-B8CE-45BF-A615-6396BA162FA7}
		{3B37D1FE-4488-440B-85B6-993CE884B154} = {3B37D1FE-4488-440B-85B6-993CE884B154}
	EndProjectSection
EndProject
Project("{8BC9CEB8-8B4A-11D0-8D11-00A0C91BC942}") = "libsvn_ra", "..\Subversion\build\win32\vcnet-vcproj\libsvn_ra_vcnet.vcproj", "{5C463CD6-FC71-49CB-8554-5C0117D529D1}"
	ProjectSection(ProjectDependencies) = postProject
		{F7C10941-C9F7-406E-BD89-EB4A48ABE47F} = {F7C10941-C9F7-406E-BD89-EB4A48ABE47F}
		{66961BB7-B8CE-45BF-A615-6396BA162FA7} = {66961BB7-B8CE-45BF-A615-6396BA162FA7}
		{3B37D1FE-4488-440B-85B6-993CE884B154} = {3B37D1FE-4488-440B-85B6-993CE884B154}
	EndProjectSection
EndProject
Project("{8BC9CEB8-8B4A-11D0-8D11-00A0C91BC942}") = "libsvn_repos", "..\Subversion\build\win32\vcnet-vcproj\libsvn_repos_vcnet.vcproj", "{9ED32B5F-E750-40AA-8513-1E7742259694}"
	ProjectSection(ProjectDependencies) = postProject
		{F7C10941-C9F7-406E-BD89-EB4A48ABE47F} = {F7C10941-C9F7-406E-BD89-EB4A48ABE47F}
		{66961BB7-B8CE-45BF-A615-6396BA162FA7} = {66961BB7-B8CE-45BF-A615-6396BA162FA7}
		{3B37D1FE-4488-440B-85B6-993CE884B154} = {3B37D1FE-4488-440B-85B6-993CE884B154}
	EndProjectSection
EndProject
Project("{8BC9CEB8-8B4A-11D0-8D11-00A0C91BC942}") = "libsvn_subr", "..\Subversion\build\win32\vcnet-vcproj\libsvn_subr_vcnet.vcproj", "{F0426692-05C0-4B63-A207-5C7FCF707EC9}"
	ProjectSection(ProjectDependencies) = postProject
		{76A4FC34-4150-4B77-A94A-5D9659B04C2D} = {76A4FC34-4150-4B77-A94A-5D9659B04C2D}
		{F7C10941-C9F7-406E-BD89-EB4A48ABE47F} = {F7C10941-C9F7-406E-BD89-EB4A48ABE47F}
		{66961BB7-B8CE-45BF-A615-6396BA162FA7} = {66961BB7-B8CE-45BF-A615-6396BA162FA7}
		{3B37D1FE-4488-440B-85B6-993CE884B154} = {3B37D1FE-4488-440B-85B6-993CE884B154}
	EndProjectSection
EndProject
Project("{8BC9CEB8-8B4A-11D0-8D11-00A0C91BC942}") = "libsvn_wc", "..\Subversion\build\win32\vcnet-vcproj\libsvn_wc_vcnet.vcproj", "{8D3E9E9F-BF18-44CD-B422-B8630A020A0C}"
	ProjectSection(ProjectDependencies) = postProject
		{F7C10941-C9F7-406E-BD89-EB4A48ABE47F} = {F7C10941-C9F7-406E-BD89-EB4A48ABE47F}
		{E4193B4C-086F-4F1F-B9BB-67DD8CF952EF} = {E4193B4C-086F-4F1F-B9BB-67DD8CF952EF}
		{66961BB7-B8CE-45BF-A615-6396BA162FA7} = {66961BB7-B8CE-45BF-A615-6396BA162FA7}
		{3B37D1FE-4488-440B-85B6-993CE884B154} = {3B37D1FE-4488-440B-85B6-993CE884B154}
	EndProjectSection
EndProject
Project("{8BC9CEB8-8B4A-11D0-8D11-00A0C91BC942}") = "xml_fake", "..\Subversion\build\win32\vcnet-vcproj\xml_fake_vcnet.vcproj", "{76A4FC34-4150-4B77-A94A-5D9659B04C2D}"
	ProjectSection(ProjectDependencies) = postProject
		{9DC7E2AE-AEEF-403E-A164-E115562A6AD0} = {9DC7E2AE-AEEF-403E-A164-E115562A6AD0}
		{66961BB7-B8CE-45BF-A615-6396BA162FA7} = {66961BB7-B8CE-45BF-A615-6396BA162FA7}
	EndProjectSection
EndProject
Project("{8BC9CEB8-8B4A-11D0-8D11-00A0C91BC942}") = "libapr", "..\apr\libapr.vcproj", "{9281F323-469C-4598-B4F4-64841D45C0AA}"
	ProjectSection(ProjectDependencies) = postProject
		{66961BB7-B8CE-45BF-A615-6396BA162FA7} = {66961BB7-B8CE-45BF-A615-6396BA162FA7}
	EndProjectSection
EndProject
Project("{8BC9CEB8-8B4A-11D0-8D11-00A0C91BC942}") = "libaprutil", "..\apr-util\libaprutil.vcproj", "{6699151F-755A-46B2-8806-3B2C008B88F3}"
	ProjectSection(ProjectDependencies) = postProject
		{9281F323-469C-4598-B4F4-64841D45C0AA} = {9281F323-469C-4598-B4F4-64841D45C0AA}
		{9DC7E2AE-AEEF-403E-A164-E115562A6AD0} = {9DC7E2AE-AEEF-403E-A164-E115562A6AD0}
		{66961BB7-B8CE-45BF-A615-6396BA162FA7} = {66961BB7-B8CE-45BF-A615-6396BA162FA7}
		{720497D6-2197-4F05-BF64-EB4047C7D0D6} = {720497D6-2197-4F05-BF64-EB4047C7D0D6}
	EndProjectSection
EndProject
Project("{8BC9CEB8-8B4A-11D0-8D11-00A0C91BC942}") = "gen_uri_delims", "..\apr-util\uri\gen_uri_delims.vcproj", "{720497D6-2197-4F05-BF64-EB4047C7D0D6}"
	ProjectSection(ProjectDependencies) = postProject
		{66961BB7-B8CE-45BF-A615-6396BA162FA7} = {66961BB7-B8CE-45BF-A615-6396BA162FA7}
	EndProjectSection
EndProject
Project("{8BC9CEB8-8B4A-11D0-8D11-00A0C91BC942}") = "xml", "..\apr-util\xml\expat\lib\xml.vcproj", "{9DC7E2AE-AEEF-403E-A164-E115562A6AD0}"
	ProjectSection(ProjectDependencies) = postProject
		{66961BB7-B8CE-45BF-A615-6396BA162FA7} = {66961BB7-B8CE-45BF-A615-6396BA162FA7}
	EndProjectSection
EndProject
Project("{8BC9CEB8-8B4A-11D0-8D11-00A0C91BC942}") = "Subversion_dll", "Subversion_dll.vcproj", "{F333E77B-72D9-4F0D-BE1E-00821127E195}"
	ProjectSection(ProjectDependencies) = postProject
		{B87FD60A-157C-4033-AF1C-537B76053302} = {B87FD60A-157C-4033-AF1C-537B76053302}
		{6699151F-755A-46B2-8806-3B2C008B88F3} = {6699151F-755A-46B2-8806-3B2C008B88F3}
		{9281F323-469C-4598-B4F4-64841D45C0AA} = {9281F323-469C-4598-B4F4-64841D45C0AA}
		{BC9DF63A-706D-43B1-8BAF-DF7954D69351} = {BC9DF63A-706D-43B1-8BAF-DF7954D69351}
		{E4193B4C-086F-4F1F-B9BB-67DD8CF952EF} = {E4193B4C-086F-4F1F-B9BB-67DD8CF952EF}
		{9ED32B5F-E750-40AA-8513-1E7742259694} = {9ED32B5F-E750-40AA-8513-1E7742259694}
		{81A4736A-0ADE-4640-9634-B4279D7EED85} = {81A4736A-0ADE-4640-9634-B4279D7EED85}
		{F0426692-05C0-4B63-A207-5C7FCF707EC9} = {F0426692-05C0-4B63-A207-5C7FCF707EC9}
		{204D839F-F605-49E3-A91C-5AEB4743DAB3} = {204D839F-F605-49E3-A91C-5AEB4743DAB3}
		{8D3E9E9F-BF18-44CD-B422-B8630A020A0C} = {8D3E9E9F-BF18-44CD-B422-B8630A020A0C}
		{A5DF5EA6-05BD-4EE4-B134-CE6016C1C020} = {A5DF5EA6-05BD-4EE4-B134-CE6016C1C020}
		{9F4472AD-5DC3-45ED-AE8C-95761DCE5D5D} = {9F4472AD-5DC3-45ED-AE8C-95761DCE5D5D}
		{9DC7E2AE-AEEF-403E-A164-E115562A6AD0} = {9DC7E2AE-AEEF-403E-A164-E115562A6AD0}
		{175118B0-A945-4FD0-B7F4-E89524096FD9} = {175118B0-A945-4FD0-B7F4-E89524096FD9}
		{66961BB7-B8CE-45BF-A615-6396BA162FA7} = {66961BB7-B8CE-45BF-A615-6396BA162FA7}
		{2CFDCCBC-B6F4-4064-B6C8-32DD8D21AB6E} = {2CFDCCBC-B6F4-4064-B6C8-32DD8D21AB6E}
		{5C463CD6-FC71-49CB-8554-5C0117D529D1} = {5C463CD6-FC71-49CB-8554-5C0117D529D1}
		{720497D6-2197-4F05-BF64-EB4047C7D0D6} = {720497D6-2197-4F05-BF64-EB4047C7D0D6}
		{FFABB1E9-8878-4EA1-817E-582EF2E6765E} = {FFABB1E9-8878-4EA1-817E-582EF2E6765E}
		{4D9E5CEA-CA4E-4A3E-96E8-08618771F1FB} = {4D9E5CEA-CA4E-4A3E-96E8-08618771F1FB}
		{9195B2F6-C90B-4134-8E33-36F5CF9797FF} = {9195B2F6-C90B-4134-8E33-36F5CF9797FF}
	EndProjectSection
EndProject
Global
	GlobalSection(SolutionConfiguration) = preSolution
		Debug = Debug
		Release = Release
	EndGlobalSection
	GlobalSection(ProjectConfiguration) = postSolution
		{4D9E5CEA-CA4E-4A3E-96E8-08618771F1FB}.Debug.ActiveCfg = Debug|Win32
		{4D9E5CEA-CA4E-4A3E-96E8-08618771F1FB}.Debug.Build.0 = Debug|Win32
		{4D9E5CEA-CA4E-4A3E-96E8-08618771F1FB}.Release.ActiveCfg = Release|Win32
		{4D9E5CEA-CA4E-4A3E-96E8-08618771F1FB}.Release.Build.0 = Release|Win32
		{66961BB7-B8CE-45BF-A615-6396BA162FA7}.Debug.ActiveCfg = Debug|Win32
		{66961BB7-B8CE-45BF-A615-6396BA162FA7}.Debug.Build.0 = Debug|Win32
		{66961BB7-B8CE-45BF-A615-6396BA162FA7}.Release.ActiveCfg = Release|Win32
		{66961BB7-B8CE-45BF-A615-6396BA162FA7}.Release.Build.0 = Release|Win32
		{E4193B4C-086F-4F1F-B9BB-67DD8CF952EF}.Debug.ActiveCfg = Debug|Win32
		{E4193B4C-086F-4F1F-B9BB-67DD8CF952EF}.Debug.Build.0 = Debug|Win32
		{E4193B4C-086F-4F1F-B9BB-67DD8CF952EF}.Release.ActiveCfg = Release|Win32
		{E4193B4C-086F-4F1F-B9BB-67DD8CF952EF}.Release.Build.0 = Release|Win32
		{2CFDCCBC-B6F4-4064-B6C8-32DD8D21AB6E}.Debug.ActiveCfg = Debug|Win32
		{2CFDCCBC-B6F4-4064-B6C8-32DD8D21AB6E}.Debug.Build.0 = Debug|Win32
		{2CFDCCBC-B6F4-4064-B6C8-32DD8D21AB6E}.Release.ActiveCfg = Release|Win32
		{2CFDCCBC-B6F4-4064-B6C8-32DD8D21AB6E}.Release.Build.0 = Release|Win32
		{3B37D1FE-4488-440B-85B6-993CE884B154}.Debug.ActiveCfg = Debug|Win32
		{3B37D1FE-4488-440B-85B6-993CE884B154}.Debug.Build.0 = Debug|Win32
		{3B37D1FE-4488-440B-85B6-993CE884B154}.Release.ActiveCfg = Release|Win32
		{3B37D1FE-4488-440B-85B6-993CE884B154}.Release.Build.0 = Release|Win32
		{F7C10941-C9F7-406E-BD89-EB4A48ABE47F}.Debug.ActiveCfg = Debug|Win32
		{F7C10941-C9F7-406E-BD89-EB4A48ABE47F}.Debug.Build.0 = Debug|Win32
		{F7C10941-C9F7-406E-BD89-EB4A48ABE47F}.Release.ActiveCfg = Release|Win32
		{F7C10941-C9F7-406E-BD89-EB4A48ABE47F}.Release.Build.0 = Release|Win32
		{9F4472AD-5DC3-45ED-AE8C-95761DCE5D5D}.Debug.ActiveCfg = Debug|Win32
		{9F4472AD-5DC3-45ED-AE8C-95761DCE5D5D}.Debug.Build.0 = Debug|Win32
		{9F4472AD-5DC3-45ED-AE8C-95761DCE5D5D}.Release.ActiveCfg = Release|Win32
		{9F4472AD-5DC3-45ED-AE8C-95761DCE5D5D}.Release.Build.0 = Release|Win32
		{A5DF5EA6-05BD-4EE4-B134-CE6016C1C020}.Debug.ActiveCfg = Debug|Win32
		{A5DF5EA6-05BD-4EE4-B134-CE6016C1C020}.Debug.Build.0 = Debug|Win32
		{A5DF5EA6-05BD-4EE4-B134-CE6016C1C020}.Release.ActiveCfg = Release|Win32
		{A5DF5EA6-05BD-4EE4-B134-CE6016C1C020}.Release.Build.0 = Release|Win32
		{FFABB1E9-8878-4EA1-817E-582EF2E6765E}.Debug.ActiveCfg = Debug|Win32
		{FFABB1E9-8878-4EA1-817E-582EF2E6765E}.Debug.Build.0 = Debug|Win32
		{FFABB1E9-8878-4EA1-817E-582EF2E6765E}.Release.ActiveCfg = Release|Win32
		{FFABB1E9-8878-4EA1-817E-582EF2E6765E}.Release.Build.0 = Release|Win32
		{81A4736A-0ADE-4640-9634-B4279D7EED85}.Debug.ActiveCfg = Debug|Win32
		{81A4736A-0ADE-4640-9634-B4279D7EED85}.Debug.Build.0 = Debug|Win32
		{81A4736A-0ADE-4640-9634-B4279D7EED85}.Release.ActiveCfg = Release|Win32
		{81A4736A-0ADE-4640-9634-B4279D7EED85}.Release.Build.0 = Release|Win32
		{175118B0-A945-4FD0-B7F4-E89524096FD9}.Debug.ActiveCfg = Debug|Win32
		{175118B0-A945-4FD0-B7F4-E89524096FD9}.Debug.Build.0 = Debug|Win32
		{175118B0-A945-4FD0-B7F4-E89524096FD9}.Release.ActiveCfg = Release|Win32
		{175118B0-A945-4FD0-B7F4-E89524096FD9}.Release.Build.0 = Release|Win32
		{B87FD60A-157C-4033-AF1C-537B76053302}.Debug.ActiveCfg = Debug|Win32
		{B87FD60A-157C-4033-AF1C-537B76053302}.Debug.Build.0 = Debug|Win32
		{B87FD60A-157C-4033-AF1C-537B76053302}.Release.ActiveCfg = Release|Win32
		{B87FD60A-157C-4033-AF1C-537B76053302}.Release.Build.0 = Release|Win32
		{9195B2F6-C90B-4134-8E33-36F5CF9797FF}.Debug.ActiveCfg = Debug|Win32
		{9195B2F6-C90B-4134-8E33-36F5CF9797FF}.Debug.Build.0 = Debug|Win32
		{9195B2F6-C90B-4134-8E33-36F5CF9797FF}.Release.ActiveCfg = Release|Win32
		{9195B2F6-C90B-4134-8E33-36F5CF9797FF}.Release.Build.0 = Release|Win32
		{BC9DF63A-706D-43B1-8BAF-DF7954D69351}.Debug.ActiveCfg = Debug|Win32
		{BC9DF63A-706D-43B1-8BAF-DF7954D69351}.Debug.Build.0 = Debug|Win32
		{BC9DF63A-706D-43B1-8BAF-DF7954D69351}.Release.ActiveCfg = Release|Win32
		{BC9DF63A-706D-43B1-8BAF-DF7954D69351}.Release.Build.0 = Release|Win32
		{204D839F-F605-49E3-A91C-5AEB4743DAB3}.Debug.ActiveCfg = Debug|Win32
		{204D839F-F605-49E3-A91C-5AEB4743DAB3}.Debug.Build.0 = Debug|Win32
		{204D839F-F605-49E3-A91C-5AEB4743DAB3}.Release.ActiveCfg = Release|Win32
		{204D839F-F605-49E3-A91C-5AEB4743DAB3}.Release.Build.0 = Release|Win32
		{5C463CD6-FC71-49CB-8554-5C0117D529D1}.Debug.ActiveCfg = Debug|Win32
		{5C463CD6-FC71-49CB-8554-5C0117D529D1}.Debug.Build.0 = Debug|Win32
		{5C463CD6-FC71-49CB-8554-5C0117D529D1}.Release.ActiveCfg = Release|Win32
		{5C463CD6-FC71-49CB-8554-5C0117D529D1}.Release.Build.0 = Release|Win32
		{9ED32B5F-E750-40AA-8513-1E7742259694}.Debug.ActiveCfg = Debug|Win32
		{9ED32B5F-E750-40AA-8513-1E7742259694}.Debug.Build.0 = Debug|Win32
		{9ED32B5F-E750-40AA-8513-1E7742259694}.Release.ActiveCfg = Release|Win32
		{9ED32B5F-E750-40AA-8513-1E7742259694}.Release.Build.0 = Release|Win32
		{F0426692-05C0-4B63-A207-5C7FCF707EC9}.Debug.ActiveCfg = Debug|Win32
		{F0426692-05C0-4B63-A207-5C7FCF707EC9}.Debug.Build.0 = Debug|Win32
		{F0426692-05C0-4B63-A207-5C7FCF707EC9}.Release.ActiveCfg = Release|Win32
		{F0426692-05C0-4B63-A207-5C7FCF707EC9}.Release.Build.0 = Release|Win32
		{8D3E9E9F-BF18-44CD-B422-B8630A020A0C}.Debug.ActiveCfg = Debug|Win32
		{8D3E9E9F-BF18-44CD-B422-B8630A020A0C}.Debug.Build.0 = Debug|Win32
		{8D3E9E9F-BF18-44CD-B422-B8630A020A0C}.Release.ActiveCfg = Release|Win32
		{8D3E9E9F-BF18-44CD-B422-B8630A020A0C}.Release.Build.0 = Release|Win32
		{76A4FC34-4150-4B77-A94A-5D9659B04C2D}.Debug.ActiveCfg = Debug|Win32
		{76A4FC34-4150-4B77-A94A-5D9659B04C2D}.Debug.Build.0 = Debug|Win32
		{76A4FC34-4150-4B77-A94A-5D9659B04C2D}.Release.ActiveCfg = Release|Win32
		{76A4FC34-4150-4B77-A94A-5D9659B04C2D}.Release.Build.0 = Release|Win32
		{9281F323-469C-4598-B4F4-64841D45C0AA}.Debug.ActiveCfg = Debug|Win32
		{9281F323-469C-4598-B4F4-64841D45C0AA}.Debug.Build.0 = Debug|Win32
		{9281F323-469C-4598-B4F4-64841D45C0AA}.Release.ActiveCfg = Release|Win32
		{9281F323-469C-4598-B4F4-64841D45C0AA}.Release.Build.0 = Release|Win32
		{6699151F-755A-46B2-8806-3B2C008B88F3}.Debug.ActiveCfg = Debug|Win32
		{6699151F-755A-46B2-8806-3B2C008B88F3}.Debug.Build.0 = Debug|Win32
		{6699151F-755A-46B2-8806-3B2C008B88F3}.Release.ActiveCfg = Release|Win32
		{6699151F-755A-46B2-8806-3B2C008B88F3}.Release.Build.0 = Release|Win32
		{720497D6-2197-4F05-BF64-EB4047C7D0D6}.Debug.ActiveCfg = Debug|Win32
		{720497D6-2197-4F05-BF64-EB4047C7D0D6}.Debug.Build.0 = Debug|Win32
		{720497D6-2197-4F05-BF64-EB4047C7D0D6}.Release.ActiveCfg = Release|Win32
		{720497D6-2197-4F05-BF64-EB4047C7D0D6}.Release.Build.0 = Release|Win32
		{9DC7E2AE-AEEF-403E-A164-E115562A6AD0}.Debug.ActiveCfg = Debug|Win32
		{9DC7E2AE-AEEF-403E-A164-E115562A6AD0}.Debug.Build.0 = Debug|Win32
		{9DC7E2AE-AEEF-403E-A164-E115562A6AD0}.Release.ActiveCfg = Release|Win32
		{9DC7E2AE-AEEF-403E-A164-E115562A6AD0}.Release.Build.0 = Release|Win32
		{F333E77B-72D9-4F0D-BE1E-00821127E195}.Debug.ActiveCfg = Debug|Win32
		{F333E77B-72D9-4F0D-BE1E-00821127E195}.Debug.Build.0 = Debug|Win32
		{F333E77B-72D9-4F0D-BE1E-00821127E195}.Release.ActiveCfg = Release|Win32
		{F333E77B-72D9-4F0D-BE1E-00821127E195}.Release.Build.0 = Release|Win32
	EndGlobalSection
	GlobalSection(ExtensibilityGlobals) = postSolution
	EndGlobalSection
	GlobalSection(ExtensibilityAddIns) = postSolution
	EndGlobalSection
EndGlobal
